// !$*UTF8*$!
{
	archiveVersion = 1;
	classes = {
	};
	objectVersion = 56;
	objects = {

/* Begin PBXBuildFile section */
		8C77EDF32CC67140007B9ABF /* AppDelegate.swift in Sources */ = {isa = PBXBuildFile; fileRef = 8C77EDF22CC67140007B9ABF /* AppDelegate.swift */; };
		8C77EDF52CC67140007B9ABF /* SceneDelegate.swift in Sources */ = {isa = PBXBuildFile; fileRef = 8C77EDF42CC67140007B9ABF /* SceneDelegate.swift */; };
		8C77EDF72CC67140007B9ABF /* ViewController.swift in Sources */ = {isa = PBXBuildFile; fileRef = 8C77EDF62CC67140007B9ABF /* ViewController.swift */; };
		8C77EDFA2CC67140007B9ABF /* Base in Resources */ = {isa = PBXBuildFile; fileRef = 8C77EDF92CC67140007B9ABF /* Base */; };
		8C77EDFC2CC67141007B9ABF /* Assets.xcassets in Resources */ = {isa = PBXBuildFile; fileRef = 8C77EDFB2CC67141007B9ABF /* Assets.xcassets */; };
		8C77EDFF2CC67141007B9ABF /* Base in Resources */ = {isa = PBXBuildFile; fileRef = 8C77EDFE2CC67141007B9ABF /* Base */; };
		8C77EE0A2CC67141007B9ABF /* ConverterTests.swift in Sources */ = {isa = PBXBuildFile; fileRef = 8C77EE092CC67141007B9ABF /* ConverterTests.swift */; };
		8C77EE142CC67141007B9ABF /* ConverterUITests.swift in Sources */ = {isa = PBXBuildFile; fileRef = 8C77EE132CC67141007B9ABF /* ConverterUITests.swift */; };
		8C77EE162CC67142007B9ABF /* ConverterUITestsLaunchTests.swift in Sources */ = {isa = PBXBuildFile; fileRef = 8C77EE152CC67142007B9ABF /* ConverterUITestsLaunchTests.swift */; };
/* End PBXBuildFile section */

/* Begin PBXContainerItemProxy section */
		8C77EE062CC67141007B9ABF /* PBXContainerItemProxy */ = {
			isa = PBXContainerItemProxy;
			containerPortal = 8C77EDE72CC67140007B9ABF /* Project object */;
			proxyType = 1;
			remoteGlobalIDString = 8C77EDEE2CC67140007B9ABF;
			remoteInfo = Converter;
		};
		8C77EE102CC67141007B9ABF /* PBXContainerItemProxy */ = {
			isa = PBXContainerItemProxy;
			containerPortal = 8C77EDE72CC67140007B9ABF /* Project object */;
			proxyType = 1;
			remoteGlobalIDString = 8C77EDEE2CC67140007B9ABF;
			remoteInfo = Converter;
		};
/* End PBXContainerItemProxy section */

/* Begin PBXFileReference section */
		8C77EDEF2CC67140007B9ABF /* Converter.app */ = {isa = PBXFileReference; explicitFileType = wrapper.application; includeInIndex = 0; path = Converter.app; sourceTree = BUILT_PRODUCTS_DIR; };
		8C77EDF22CC67140007B9ABF /* AppDelegate.swift */ = {isa = PBXFileReference; lastKnownFileType = sourcecode.swift; path = AppDelegate.swift; sourceTree = "<group>"; };
		8C77EDF42CC67140007B9ABF /* SceneDelegate.swift */ = {isa = PBXFileReference; lastKnownFileType = sourcecode.swift; path = SceneDelegate.swift; sourceTree = "<group>"; };
		8C77EDF62CC67140007B9ABF /* ViewController.swift */ = {isa = PBXFileReference; lastKnownFileType = sourcecode.swift; path = ViewController.swift; sourceTree = "<group>"; };
		8C77EDF92CC67140007B9ABF /* Base */ = {isa = PBXFileReference; lastKnownFileType = file.storyboard; name = Base; path = Base.lproj/Main.storyboard; sourceTree = "<group>"; };
		8C77EDFB2CC67141007B9ABF /* Assets.xcassets */ = {isa = PBXFileReference; lastKnownFileType = folder.assetcatalog; path = Assets.xcassets; sourceTree = "<group>"; };
		8C77EDFE2CC67141007B9ABF /* Base */ = {isa = PBXFileReference; lastKnownFileType = file.storyboard; name = Base; path = Base.lproj/LaunchScreen.storyboard; sourceTree = "<group>"; };
		8C77EE002CC67141007B9ABF /* Info.plist */ = {isa = PBXFileReference; lastKnownFileType = text.plist.xml; path = Info.plist; sourceTree = "<group>"; };
		8C77EE052CC67141007B9ABF /* ConverterTests.xctest */ = {isa = PBXFileReference; explicitFileType = wrapper.cfbundle; includeInIndex = 0; path = ConverterTests.xctest; sourceTree = BUILT_PRODUCTS_DIR; };
		8C77EE092CC67141007B9ABF /* ConverterTests.swift */ = {isa = PBXFileReference; lastKnownFileType = sourcecode.swift; path = ConverterTests.swift; sourceTree = "<group>"; };
		8C77EE0F2CC67141007B9ABF /* ConverterUITests.xctest */ = {isa = PBXFileReference; explicitFileType = wrapper.cfbundle; includeInIndex = 0; path = ConverterUITests.xctest; sourceTree = BUILT_PRODUCTS_DIR; };
		8C77EE132CC67141007B9ABF /* ConverterUITests.swift */ = {isa = PBXFileReference; lastKnownFileType = sourcecode.swift; path = ConverterUITests.swift; sourceTree = "<group>"; };
		8C77EE152CC67142007B9ABF /* ConverterUITestsLaunchTests.swift */ = {isa = PBXFileReference; lastKnownFileType = sourcecode.swift; path = ConverterUITestsLaunchTests.swift; sourceTree = "<group>"; };
/* End PBXFileReference section */

/* Begin PBXFrameworksBuildPhase section */
		8C77EDEC2CC67140007B9ABF /* Frameworks */ = {
			isa = PBXFrameworksBuildPhase;
			buildActionMask = 2147483647;
			files = (
			);
			runOnlyForDeploymentPostprocessing = 0;
		};
		8C77EE022CC67141007B9ABF /* Frameworks */ = {
			isa = PBXFrameworksBuildPhase;
			buildActionMask = 2147483647;
			files = (
			);
			runOnlyForDeploymentPostprocessing = 0;
		};
		8C77EE0C2CC67141007B9ABF /* Frameworks */ = {
			isa = PBXFrameworksBuildPhase;
			buildActionMask = 2147483647;
			files = (
			);
			runOnlyForDeploymentPostprocessing = 0;
		};
/* End PBXFrameworksBuildPhase section */

/* Begin PBXGroup section */
		8C77EDE62CC67140007B9ABF = {
			isa = PBXGroup;
			children = (
				8C77EDF12CC67140007B9ABF /* Converter */,
				8C77EE082CC67141007B9ABF /* ConverterTests */,
				8C77EE122CC67141007B9ABF /* ConverterUITests */,
				8C77EDF02CC67140007B9ABF /* Products */,
			);
			sourceTree = "<group>";
		};
		8C77EDF02CC67140007B9ABF /* Products */ = {
			isa = PBXGroup;
			children = (
				8C77EDEF2CC67140007B9ABF /* Converter.app */,
				8C77EE052CC67141007B9ABF /* ConverterTests.xctest */,
				8C77EE0F2CC67141007B9ABF /* ConverterUITests.xctest */,
			);
			name = Products;
			sourceTree = "<group>";
		};
		8C77EDF12CC67140007B9ABF /* Converter */ = {
			isa = PBXGroup;
			children = (
				8C77EDF22CC67140007B9ABF /* AppDelegate.swift */,
				8C77EDF42CC67140007B9ABF /* SceneDelegate.swift */,
				8C77EDF62CC67140007B9ABF /* ViewController.swift */,
				8C77EDF82CC67140007B9ABF /* Main.storyboard */,
				8C77EDFB2CC67141007B9ABF /* Assets.xcassets */,
				8C77EDFD2CC67141007B9ABF /* LaunchScreen.storyboard */,
				8C77EE002CC67141007B9ABF /* Info.plist */,
			);
			path = Converter;
			sourceTree = "<group>";
		};
		8C77EE082CC67141007B9ABF /* ConverterTests */ = {
			isa = PBXGroup;
			children = (
				8C77EE092CC67141007B9ABF /* ConverterTests.swift */,
			);
			path = ConverterTests;
			sourceTree = "<group>";
		};
		8C77EE122CC67141007B9ABF /* ConverterUITests */ = {
			isa = PBXGroup;
			children = (
				8C77EE132CC67141007B9ABF /* ConverterUITests.swift */,
				8C77EE152CC67142007B9ABF /* ConverterUITestsLaunchTests.swift */,
			);
			path = ConverterUITests;
			sourceTree = "<group>";
		};
/* End PBXGroup section */

/* Begin PBXNativeTarget section */
		8C77EDEE2CC67140007B9ABF /* Converter */ = {
			isa = PBXNativeTarget;
			buildConfigurationList = 8C77EE192CC67142007B9ABF /* Build configuration list for PBXNativeTarget "Converter" */;
			buildPhases = (
				8C77EDEB2CC67140007B9ABF /* Sources */,
				8C77EDEC2CC67140007B9ABF /* Frameworks */,
				8C77EDED2CC67140007B9ABF /* Resources */,
			);
			buildRules = (
			);
			dependencies = (
			);
			name = Converter;
			productName = Converter;
			productReference = 8C77EDEF2CC67140007B9ABF /* Converter.app */;
			productType = "com.apple.product-type.application";
		};
		8C77EE042CC67141007B9ABF /* ConverterTests */ = {
			isa = PBXNativeTarget;
			buildConfigurationList = 8C77EE1C2CC67142007B9ABF /* Build configuration list for PBXNativeTarget "ConverterTests" */;
			buildPhases = (
				8C77EE012CC67141007B9ABF /* Sources */,
				8C77EE022CC67141007B9ABF /* Frameworks */,
				8C77EE032CC67141007B9ABF /* Resources */,
			);
			buildRules = (
			);
			dependencies = (
				8C77EE072CC67141007B9ABF /* PBXTargetDependency */,
			);
			name = ConverterTests;
			productName = ConverterTests;
			productReference = 8C77EE052CC67141007B9ABF /* ConverterTests.xctest */;
			productType = "com.apple.product-type.bundle.unit-test";
		};
		8C77EE0E2CC67141007B9ABF /* ConverterUITests */ = {
			isa = PBXNativeTarget;
			buildConfigurationList = 8C77EE1F2CC67142007B9ABF /* Build configuration list for PBXNativeTarget "ConverterUITests" */;
			buildPhases = (
				8C77EE0B2CC67141007B9ABF /* Sources */,
				8C77EE0C2CC67141007B9ABF /* Frameworks */,
				8C77EE0D2CC67141007B9ABF /* Resources */,
			);
			buildRules = (
			);
			dependencies = (
				8C77EE112CC67141007B9ABF /* PBXTargetDependency */,
			);
			name = ConverterUITests;
			productName = ConverterUITests;
			productReference = 8C77EE0F2CC67141007B9ABF /* ConverterUITests.xctest */;
			productType = "com.apple.product-type.bundle.ui-testing";
		};
/* End PBXNativeTarget section */

/* Begin PBXProject section */
		8C77EDE72CC67140007B9ABF /* Project object */ = {
			isa = PBXProject;
			attributes = {
				BuildIndependentTargetsInParallel = 1;
				LastSwiftUpdateCheck = 1540;
				LastUpgradeCheck = 1540;
				TargetAttributes = {
					8C77EDEE2CC67140007B9ABF = {
						CreatedOnToolsVersion = 15.4;
					};
					8C77EE042CC67141007B9ABF = {
						CreatedOnToolsVersion = 15.4;
						TestTargetID = 8C77EDEE2CC67140007B9ABF;
					};
					8C77EE0E2CC67141007B9ABF = {
						CreatedOnToolsVersion = 15.4;
						TestTargetID = 8C77EDEE2CC67140007B9ABF;
					};
				};
			};
			buildConfigurationList = 8C77EDEA2CC67140007B9ABF /* Build configuration list for PBXProject "Converter" */;
			compatibilityVersion = "Xcode 14.0";
			developmentRegion = en;
			hasScannedForEncodings = 0;
			knownRegions = (
				en,
				Base,
			);
			mainGroup = 8C77EDE62CC67140007B9ABF;
			productRefGroup = 8C77EDF02CC67140007B9ABF /* Products */;
			projectDirPath = "";
			projectRoot = "";
			targets = (
				8C77EDEE2CC67140007B9ABF /* Converter */,
				8C77EE042CC67141007B9ABF /* ConverterTests */,
				8C77EE0E2CC67141007B9ABF /* ConverterUITests */,
			);
		};
/* End PBXProject section */

/* Begin PBXResourcesBuildPhase section */
		8C77EDED2CC67140007B9ABF /* Resources */ = {
			isa = PBXResourcesBuildPhase;
			buildActionMask = 2147483647;
			files = (
				8C77EDFC2CC67141007B9ABF /* Assets.xcassets in Resources */,
				8C77EDFF2CC67141007B9ABF /* Base in Resources */,
				8C77EDFA2CC67140007B9ABF /* Base in Resources */,
			);
			runOnlyForDeploymentPostprocessing = 0;
		};
		8C77EE032CC67141007B9ABF /* Resources */ = {
			isa = PBXResourcesBuildPhase;
			buildActionMask = 2147483647;
			files = (
			);
			runOnlyForDeploymentPostprocessing = 0;
		};
		8C77EE0D2CC67141007B9ABF /* Resources */ = {
			isa = PBXResourcesBuildPhase;
			buildActionMask = 2147483647;
			files = (
			);
			runOnlyForDeploymentPostprocessing = 0;
		};
/* End PBXResourcesBuildPhase section */

/* Begin PBXSourcesBuildPhase section */
		8C77EDEB2CC67140007B9ABF /* Sources */ = {
			isa = PBXSourcesBuildPhase;
			buildActionMask = 2147483647;
			files = (
				8C77EDF72CC67140007B9ABF /* ViewController.swift in Sources */,
				8C77EDF32CC67140007B9ABF /* AppDelegate.swift in Sources */,
				8C77EDF52CC67140007B9ABF /* SceneDelegate.swift in Sources */,
			);
			runOnlyForDeploymentPostprocessing = 0;
		};
		8C77EE012CC67141007B9ABF /* Sources */ = {
			isa = PBXSourcesBuildPhase;
			buildActionMask = 2147483647;
			files = (
				8C77EE0A2CC67141007B9ABF /* ConverterTests.swift in Sources */,
			);
			runOnlyForDeploymentPostprocessing = 0;
		};
		8C77EE0B2CC67141007B9ABF /* Sources */ = {
			isa = PBXSourcesBuildPhase;
			buildActionMask = 2147483647;
			files = (
				8C77EE142CC67141007B9ABF /* ConverterUITests.swift in Sources */,
				8C77EE162CC67142007B9ABF /* ConverterUITestsLaunchTests.swift in Sources */,
			);
			runOnlyForDeploymentPostprocessing = 0;
		};
/* End PBXSourcesBuildPhase section */

/* Begin PBXTargetDependency section */
		8C77EE072CC67141007B9ABF /* PBXTargetDependency */ = {
			isa = PBXTargetDependency;
			target = 8C77EDEE2CC67140007B9ABF /* Converter */;
			targetProxy = 8C77EE062CC67141007B9ABF /* PBXContainerItemProxy */;
		};
		8C77EE112CC67141007B9ABF /* PBXTargetDependency */ = {
			isa = PBXTargetDependency;
			target = 8C77EDEE2CC67140007B9ABF /* Converter */;
			targetProxy = 8C77EE102CC67141007B9ABF /* PBXContainerItemProxy */;
		};
/* End PBXTargetDependency section */

/* Begin PBXVariantGroup section */
		8C77EDF82CC67140007B9ABF /* Main.storyboard */ = {
			isa = PBXVariantGroup;
			children = (
				8C77EDF92CC67140007B9ABF /* Base */,
			);
			name = Main.storyboard;
			sourceTree = "<group>";
		};
		8C77EDFD2CC67141007B9ABF /* LaunchScreen.storyboard */ = {
			isa = PBXVariantGroup;
			children = (
				8C77EDFE2CC67141007B9ABF /* Base */,
			);
			name = LaunchScreen.storyboard;
			sourceTree = "<group>";
		};
/* End PBXVariantGroup section */

/* Begin XCBuildConfiguration section */
		8C77EE172CC67142007B9ABF /* Debug */ = {
			isa = XCBuildConfiguration;
			buildSettings = {
				ALWAYS_SEARCH_USER_PATHS = NO;
				ASSETCATALOG_COMPILER_GENERATE_SWIFT_ASSET_SYMBOL_EXTENSIONS = YES;
				CLANG_ANALYZER_NONNULL = YES;
				CLANG_ANALYZER_NUMBER_OBJECT_CONVERSION = YES_AGGRESSIVE;
				CLANG_CXX_LANGUAGE_STANDARD = "gnu++20";
				CLANG_ENABLE_MODULES = YES;
				CLANG_ENABLE_OBJC_ARC = YES;
				CLANG_ENABLE_OBJC_WEAK = YES;
				CLANG_WARN_BLOCK_CAPTURE_AUTORELEASING = YES;
				CLANG_WARN_BOOL_CONVERSION = YES;
				CLANG_WARN_COMMA = YES;
				CLANG_WARN_CONSTANT_CONVERSION = YES;
				CLANG_WARN_DEPRECATED_OBJC_IMPLEMENTATIONS = YES;
				CLANG_WARN_DIRECT_OBJC_ISA_USAGE = YES_ERROR;
				CLANG_WARN_DOCUMENTATION_COMMENTS = YES;
				CLANG_WARN_EMPTY_BODY = YES;
				CLANG_WARN_ENUM_CONVERSION = YES;
				CLANG_WARN_INFINITE_RECURSION = YES;
				CLANG_WARN_INT_CONVERSION = YES;
				CLANG_WARN_NON_LITERAL_NULL_CONVERSION = YES;
				CLANG_WARN_OBJC_IMPLICIT_RETAIN_SELF = YES;
				CLANG_WARN_OBJC_LITERAL_CONVERSION = YES;
				CLANG_WARN_OBJC_ROOT_CLASS = YES_ERROR;
				CLANG_WARN_QUOTED_INCLUDE_IN_FRAMEWORK_HEADER = YES;
				CLANG_WARN_RANGE_LOOP_ANALYSIS = YES;
				CLANG_WARN_STRICT_PROTOTYPES = YES;
				CLANG_WARN_SUSPICIOUS_MOVE = YES;
				CLANG_WARN_UNGUARDED_AVAILABILITY = YES_AGGRESSIVE;
				CLANG_WARN_UNREACHABLE_CODE = YES;
				CLANG_WARN__DUPLICATE_METHOD_MATCH = YES;
				COPY_PHASE_STRIP = NO;
				DEBUG_INFORMATION_FORMAT = dwarf;
				ENABLE_STRICT_OBJC_MSGSEND = YES;
				ENABLE_TESTABILITY = YES;
				ENABLE_USER_SCRIPT_SANDBOXING = YES;
				GCC_C_LANGUAGE_STANDARD = gnu17;
				GCC_DYNAMIC_NO_PIC = NO;
				GCC_NO_COMMON_BLOCKS = YES;
				GCC_OPTIMIZATION_LEVEL = 0;
				GCC_PREPROCESSOR_DEFINITIONS = (
					"DEBUG=1",
					"$(inherited)",
				);
				GCC_WARN_64_TO_32_BIT_CONVERSION = YES;
				GCC_WARN_ABOUT_RETURN_TYPE = YES_ERROR;
				GCC_WARN_UNDECLARED_SELECTOR = YES;
				GCC_WARN_UNINITIALIZED_AUTOS = YES_AGGRESSIVE;
				GCC_WARN_UNUSED_FUNCTION = YES;
				GCC_WARN_UNUSED_VARIABLE = YES;
				IPHONEOS_DEPLOYMENT_TARGET = 17.5;
				LOCALIZATION_PREFERS_STRING_CATALOGS = YES;
				MTL_ENABLE_DEBUG_INFO = INCLUDE_SOURCE;
				MTL_FAST_MATH = YES;
				ONLY_ACTIVE_ARCH = YES;
				SDKROOT = iphoneos;
				SWIFT_ACTIVE_COMPILATION_CONDITIONS = "DEBUG $(inherited)";
				SWIFT_OPTIMIZATION_LEVEL = "-Onone";
			};
			name = Debug;
		};
		8C77EE182CC67142007B9ABF /* Release */ = {
			isa = XCBuildConfiguration;
			buildSettings = {
				ALWAYS_SEARCH_USER_PATHS = NO;
				ASSETCATALOG_COMPILER_GENERATE_SWIFT_ASSET_SYMBOL_EXTENSIONS = YES;
				CLANG_ANALYZER_NONNULL = YES;
				CLANG_ANALYZER_NUMBER_OBJECT_CONVERSION = YES_AGGRESSIVE;
				CLANG_CXX_LANGUAGE_STANDARD = "gnu++20";
				CLANG_ENABLE_MODULES = YES;
				CLANG_ENABLE_OBJC_ARC = YES;
				CLANG_ENABLE_OBJC_WEAK = YES;
				CLANG_WARN_BLOCK_CAPTURE_AUTORELEASING = YES;
				CLANG_WARN_BOOL_CONVERSION = YES;
				CLANG_WARN_COMMA = YES;
				CLANG_WARN_CONSTANT_CONVERSION = YES;
				CLANG_WARN_DEPRECATED_OBJC_IMPLEMENTATIONS = YES;
				CLANG_WARN_DIRECT_OBJC_ISA_USAGE = YES_ERROR;
				CLANG_WARN_DOCUMENTATION_COMMENTS = YES;
				CLANG_WARN_EMPTY_BODY = YES;
				CLANG_WARN_ENUM_CONVERSION = YES;
				CLANG_WARN_INFINITE_RECURSION = YES;
				CLANG_WARN_INT_CONVERSION = YES;
				CLANG_WARN_NON_LITERAL_NULL_CONVERSION = YES;
				CLANG_WARN_OBJC_IMPLICIT_RETAIN_SELF = YES;
				CLANG_WARN_OBJC_LITERAL_CONVERSION = YES;
				CLANG_WARN_OBJC_ROOT_CLASS = YES_ERROR;
				CLANG_WARN_QUOTED_INCLUDE_IN_FRAMEWORK_HEADER = YES;
				CLANG_WARN_RANGE_LOOP_ANALYSIS = YES;
				CLANG_WARN_STRICT_PROTOTYPES = YES;
				CLANG_WARN_SUSPICIOUS_MOVE = YES;
				CLANG_WARN_UNGUARDED_AVAILABILITY = YES_AGGRESSIVE;
				CLANG_WARN_UNREACHABLE_CODE = YES;
				CLANG_WARN__DUPLICATE_METHOD_MATCH = YES;
				COPY_PHASE_STRIP = NO;
				DEBUG_INFORMATION_FORMAT = "dwarf-with-dsym";
				ENABLE_NS_ASSERTIONS = NO;
				ENABLE_STRICT_OBJC_MSGSEND = YES;
				ENABLE_USER_SCRIPT_SANDBOXING = YES;
				GCC_C_LANGUAGE_STANDARD = gnu17;
				GCC_NO_COMMON_BLOCKS = YES;
				GCC_WARN_64_TO_32_BIT_CONVERSION = YES;
				GCC_WARN_ABOUT_RETURN_TYPE = YES_ERROR;
				GCC_WARN_UNDECLARED_SELECTOR = YES;
				GCC_WARN_UNINITIALIZED_AUTOS = YES_AGGRESSIVE;
				GCC_WARN_UNUSED_FUNCTION = YES;
				GCC_WARN_UNUSED_VARIABLE = YES;
				IPHONEOS_DEPLOYMENT_TARGET = 17.5;
				LOCALIZATION_PREFERS_STRING_CATALOGS = YES;
				MTL_ENABLE_DEBUG_INFO = NO;
				MTL_FAST_MATH = YES;
				SDKROOT = iphoneos;
				SWIFT_COMPILATION_MODE = wholemodule;
				VALIDATE_PRODUCT = YES;
			};
			name = Release;
		};
		8C77EE1A2CC67142007B9ABF /* Debug */ = {
			isa = XCBuildConfiguration;
			buildSettings = {
				ASSETCATALOG_COMPILER_APPICON_NAME = AppIcon;
				ASSETCATALOG_COMPILER_GLOBAL_ACCENT_COLOR_NAME = AccentColor;
				CODE_SIGN_STYLE = Automatic;
				CURRENT_PROJECT_VERSION = 1;
				DEVELOPMENT_TEAM = C5YF5J9V8N;
				GENERATE_INFOPLIST_FILE = YES;
				INFOPLIST_FILE = Converter/Info.plist;
				INFOPLIST_KEY_UIApplicationSupportsIndirectInputEvents = YES;
				INFOPLIST_KEY_UILaunchStoryboardName = LaunchScreen;
				INFOPLIST_KEY_UIMainStoryboardFile = Main;
				INFOPLIST_KEY_UISupportedInterfaceOrientations_iPad = "UIInterfaceOrientationPortrait UIInterfaceOrientationPortraitUpsideDown UIInterfaceOrientationLandscapeLeft UIInterfaceOrientationLandscapeRight";
				INFOPLIST_KEY_UISupportedInterfaceOrientations_iPhone = "UIInterfaceOrientationPortrait UIInterfaceOrientationLandscapeLeft UIInterfaceOrientationLandscapeRight";
				LD_RUNPATH_SEARCH_PATHS = (
					"$(inherited)",
					"@executable_path/Frameworks",
				);
				MARKETING_VERSION = 1.0;
				PRODUCT_BUNDLE_IDENTIFIER = torit.Converter;
				PRODUCT_NAME = "$(TARGET_NAME)";
				SWIFT_EMIT_LOC_STRINGS = YES;
				SWIFT_VERSION = 5.0;
				TARGETED_DEVICE_FAMILY = "1,2";
			};
			name = Debug;
		};
		8C77EE1B2CC67142007B9ABF /* Release */ = {
			isa = XCBuildConfiguration;
			buildSettings = {
				ASSETCATALOG_COMPILER_APPICON_NAME = AppIcon;
				ASSETCATALOG_COMPILER_GLOBAL_ACCENT_COLOR_NAME = AccentColor;
				CODE_SIGN_STYLE = Automatic;
				CURRENT_PROJECT_VERSION = 1;
				DEVELOPMENT_TEAM = C5YF5J9V8N;
				GENERATE_INFOPLIST_FILE = YES;
				INFOPLIST_FILE = Converter/Info.plist;
				INFOPLIST_KEY_UIApplicationSupportsIndirectInputEvents = YES;
				INFOPLIST_KEY_UILaunchStoryboardName = LaunchScreen;
				INFOPLIST_KEY_UIMainStoryboardFile = Main;
				INFOPLIST_KEY_UISupportedInterfaceOrientations_iPad = "UIInterfaceOrientationPortrait UIInterfaceOrientationPortraitUpsideDown UIInterfaceOrientationLandscapeLeft UIInterfaceOrientationLandscapeRight";
				INFOPLIST_KEY_UISupportedInterfaceOrientations_iPhone = "UIInterfaceOrientationPortrait UIInterfaceOrientationLandscapeLeft UIInterfaceOrientationLandscapeRight";
				LD_RUNPATH_SEARCH_PATHS = (
					"$(inherited)",
					"@executable_path/Frameworks",
				);
				MARKETING_VERSION = 1.0;
				PRODUCT_BUNDLE_IDENTIFIER = torit.Converter;
				PRODUCT_NAME = "$(TARGET_NAME)";
				SWIFT_EMIT_LOC_STRINGS = YES;
				SWIFT_VERSION = 5.0;
				TARGETED_DEVICE_FAMILY = "1,2";
			};
			name = Release;
		};
		8C77EE1D2CC67142007B9ABF /* Debug */ = {
			isa = XCBuildConfiguration;
			buildSettings = {
				ALWAYS_EMBED_SWIFT_STANDARD_LIBRARIES = YES;
				BUNDLE_LOADER = "$(TEST_HOST)";
				CODE_SIGN_STYLE = Automatic;
				CURRENT_PROJECT_VERSION = 1;
				DEVELOPMENT_TEAM = C5YF5J9V8N;
				GENERATE_INFOPLIST_FILE = YES;
				IPHONEOS_DEPLOYMENT_TARGET = 17.5;
				MARKETING_VERSION = 1.0;
				PRODUCT_BUNDLE_IDENTIFIER = torit.ConverterTests;
				PRODUCT_NAME = "$(TARGET_NAME)";
				SWIFT_EMIT_LOC_STRINGS = NO;
				SWIFT_VERSION = 5.0;
				TARGETED_DEVICE_FAMILY = "1,2";
				TEST_HOST = "$(BUILT_PRODUCTS_DIR)/Converter.app/$(BUNDLE_EXECUTABLE_FOLDER_PATH)/Converter";
			};
			name = Debug;
		};
		8C77EE1E2CC67142007B9ABF /* Release */ = {
			isa = XCBuildConfiguration;
			buildSettings = {
				ALWAYS_EMBED_SWIFT_STANDARD_LIBRARIES = YES;
				BUNDLE_LOADER = "$(TEST_HOST)";
				CODE_SIGN_STYLE = Automatic;
				CURRENT_PROJECT_VERSION = 1;
				DEVELOPMENT_TEAM = C5YF5J9V8N;
				GENERATE_INFOPLIST_FILE = YES;
				IPHONEOS_DEPLOYMENT_TARGET = 17.5;
				MARKETING_VERSION = 1.0;
				PRODUCT_BUNDLE_IDENTIFIER = torit.ConverterTests;
				PRODUCT_NAME = "$(TARGET_NAME)";
				SWIFT_EMIT_LOC_STRINGS = NO;
				SWIFT_VERSION = 5.0;
				TARGETED_DEVICE_FAMILY = "1,2";
				TEST_HOST = "$(BUILT_PRODUCTS_DIR)/Converter.app/$(BUNDLE_EXECUTABLE_FOLDER_PATH)/Converter";
			};
			name = Release;
		};
		8C77EE202CC67142007B9ABF /* Debug */ = {
			isa = XCBuildConfiguration;
			buildSettings = {
				ALWAYS_EMBED_SWIFT_STANDARD_LIBRARIES = YES;
				CODE_SIGN_STYLE = Automatic;
				CURRENT_PROJECT_VERSION = 1;
				DEVELOPMENT_TEAM = C5YF5J9V8N;
				GENERATE_INFOPLIST_FILE = YES;
				MARKETING_VERSION = 1.0;
				PRODUCT_BUNDLE_IDENTIFIER = torit.ConverterUITests;
				PRODUCT_NAME = "$(TARGET_NAME)";
				SWIFT_EMIT_LOC_STRINGS = NO;
				SWIFT_VERSION = 5.0;
				TARGETED_DEVICE_FAMILY = "1,2";
				TEST_TARGET_NAME = Converter;
			};
			name = Debug;
		};
		8C77EE212CC67142007B9ABF /* Release */ = {
			isa = XCBuildConfiguration;
			buildSettings = {
				ALWAYS_EMBED_SWIFT_STANDARD_LIBRARIES = YES;
				CODE_SIGN_STYLE = Automatic;
				CURRENT_PROJECT_VERSION = 1;
				DEVELOPMENT_TEAM = C5YF5J9V8N;
				GENERATE_INFOPLIST_FILE = YES;
				MARKETING_VERSION = 1.0;
				PRODUCT_BUNDLE_IDENTIFIER = torit.ConverterUITests;
				PRODUCT_NAME = "$(TARGET_NAME)";
				SWIFT_EMIT_LOC_STRINGS = NO;
				SWIFT_VERSION = 5.0;
				TARGETED_DEVICE_FAMILY = "1,2";
				TEST_TARGET_NAME = Converter;
			};
			name = Release;
		};
/* End XCBuildConfiguration section */

/* Begin XCConfigurationList section */
		8C77EDEA2CC67140007B9ABF /* Build configuration list for PBXProject "Converter" */ = {
			isa = XCConfigurationList;
			buildConfigurations = (
				8C77EE172CC67142007B9ABF /* Debug */,
				8C77EE182CC67142007B9ABF /* Release */,
			);
			defaultConfigurationIsVisible = 0;
			defaultConfigurationName = Release;
		};
		8C77EE192CC67142007B9ABF /* Build configuration list for PBXNativeTarget "Converter" */ = {
			isa = XCConfigurationList;
			buildConfigurations = (
				8C77EE1A2CC67142007B9ABF /* Debug */,
				8C77EE1B2CC67142007B9ABF /* Release */,
			);
			defaultConfigurationIsVisible = 0;
			defaultConfigurationName = Release;
		};
		8C77EE1C2CC67142007B9ABF /* Build configuration list for PBXNativeTarget "ConverterTests" */ = {
			isa = XCConfigurationList;
			buildConfigurations = (
				8C77EE1D2CC67142007B9ABF /* Debug */,
				8C77EE1E2CC67142007B9ABF /* Release */,
			);
			defaultConfigurationIsVisible = 0;
			defaultConfigurationName = Release;
		};
		8C77EE1F2CC67142007B9ABF /* Build configuration list for PBXNativeTarget "ConverterUITests" */ = {
			isa = XCConfigurationList;
			buildConfigurations = (
				8C77EE202CC67142007B9ABF /* Debug */,
				8C77EE212CC67142007B9ABF /* Release */,
			);
			defaultConfigurationIsVisible = 0;
			defaultConfigurationName = Release;
		};
/* End XCConfigurationList section */
	};
	rootObject = 8C77EDE72CC67140007B9ABF /* Project object */;
}
